
Microsoft Visual Studio Solution File, Format Version 12.00
# Visual Studio Version 16
VisualStudioVersion = 16.0.29326.143
MinimumVisualStudioVersion = 10.0.40219.1
Project("{9A19103F-16F7-4668-BE54-9A1E7A4F7556}") = "ConfigurationSample", "ConfigurationSample\ConfigurationSample.csproj", "{52D062B9-E1E1-4DB6-AFCD-12BF815CBA63}"
EndProject
Project("{FAE04EC0-301F-11D3-BF4B-00C04F79EFBC}") = "OptionsSample", "OptionsSample\OptionsSample.csproj", "{D0B59975-9ACE-477E-99AB-366150701477}"
EndProject
Global
	GlobalSection(SolutionConfigurationPlatforms) = preSolution
		Debug|Any CPU = Debug|Any CPU
		Release|Any CPU = Release|Any CPU
	EndGlobalSection
	GlobalSection(ProjectConfigurationPlatforms) = postSolution
		{52D062B9-E1E1-4DB6-AFCD-12BF815CBA63}.Debug|Any CPU.ActiveCfg = Debug|Any CPU
		{52D062B9-E1E1-4DB6-AFCD-12BF815CBA63}.Debug|Any CPU.Build.0 = Debug|Any CPU
		{52D062B9-E1E1-4DB6-AFCD-12BF815CBA63}.Release|Any CPU.ActiveCfg = Release|Any CPU
		{52D062B9-E1E1-4DB6-AFCD-12BF815CBA63}.Release|Any CPU.Build.0 = Release|Any CPU
		{D0B59975-9ACE-477E-99AB-366150701477}.Debug|Any CPU.ActiveCfg = Debug|Any CPU
		{D0B59975-9ACE-477E-99AB-366150701477}.Debug|Any CPU.Build.0 = Debug|Any CPU
		{D0B59975-9ACE-477E-99AB-366150701477}.Release|Any CPU.ActiveCfg = Release|Any CPU
		{D0B59975-9ACE-477E-99AB-366150701477}.Release|Any CPU.Build.0 = Release|Any CPU
	EndGlobalSection
	GlobalSection(SolutionProperties) = preSolution
		HideSolutionNode = FALSE
	EndGlobalSection
	GlobalSection(ExtensibilityGlobals) = postSolution
		SolutionGuid = {BB67D968-4BBF-4703-AC78-4A48B07D16C0}
	EndGlobalSection
EndGlobal
