
Microsoft Visual Studio Solution File, Format Version 12.00
# Visual Studio 15
VisualStudioVersion = 15.0.28307.489
MinimumVisualStudioVersion = 10.0.40219.1
Project("{FAE04EC0-301F-11D3-BF4B-00C04F79EFBC}") = "TodoSample.RazorPages", "TodoSample.RazorPages\TodoSample.RazorPages.csproj", "{762CB7B6-F8FF-4179-9D01-FF980188C411}"
EndProject
Project("{FAE04EC0-301F-11D3-BF4B-00C04F79EFBC}") = "TodoSample.Core", "TodoSample.Core\TodoSample.Core.csproj", "{63BFE061-0F70-47F4-8315-B3E1D9275F4C}"
EndProject
Global
	GlobalSection(SolutionConfigurationPlatforms) = preSolution
		Debug|Any CPU = Debug|Any CPU
		Release|Any CPU = Release|Any CPU
	EndGlobalSection
	GlobalSection(ProjectConfigurationPlatforms) = postSolution
		{762CB7B6-F8FF-4179-9D01-FF980188C411}.Debug|Any CPU.ActiveCfg = Debug|Any CPU
		{762CB7B6-F8FF-4179-9D01-FF980188C411}.Debug|Any CPU.Build.0 = Debug|Any CPU
		{762CB7B6-F8FF-4179-9D01-FF980188C411}.Release|Any CPU.ActiveCfg = Release|Any CPU
		{762CB7B6-F8FF-4179-9D01-FF980188C411}.Release|Any CPU.Build.0 = Release|Any CPU
		{63BFE061-0F70-47F4-8315-B3E1D9275F4C}.Debug|Any CPU.ActiveCfg = Debug|Any CPU
		{63BFE061-0F70-47F4-8315-B3E1D9275F4C}.Debug|Any CPU.Build.0 = Debug|Any CPU
		{63BFE061-0F70-47F4-8315-B3E1D9275F4C}.Release|Any CPU.ActiveCfg = Release|Any CPU
		{63BFE061-0F70-47F4-8315-B3E1D9275F4C}.Release|Any CPU.Build.0 = Release|Any CPU
	EndGlobalSection
	GlobalSection(SolutionProperties) = preSolution
		HideSolutionNode = FALSE
	EndGlobalSection
	GlobalSection(ExtensibilityGlobals) = postSolution
		SolutionGuid = {5515DBF1-D24F-48C6-AE73-FC8B1471F469}
	EndGlobalSection
EndGlobal
