
Microsoft Visual Studio Solution File, Format Version 12.00
# Visual Studio Version 16
VisualStudioVersion = 16.0.28729.10
MinimumVisualStudioVersion = 10.0.40219.1
Project("{9A19103F-16F7-4668-BE54-9A1E7A4F7556}") = "BerlinSample", "BerlinSample\BerlinSample.csproj", "{AB46EFDC-2FA2-42B0-94D8-C49A7A2B5364}"
EndProject
Project("{FAE04EC0-301F-11D3-BF4B-00C04F79EFBC}") = "BerlinSample.Core", "BerlinSample.Core\BerlinSample.Core.csproj", "{20D786DB-EE4F-4ED1-A5A6-2BFDB8B7087E}"
EndProject
Global
	GlobalSection(SolutionConfigurationPlatforms) = preSolution
		Debug|Any CPU = Debug|Any CPU
		Release|Any CPU = Release|Any CPU
	EndGlobalSection
	GlobalSection(ProjectConfigurationPlatforms) = postSolution
		{AB46EFDC-2FA2-42B0-94D8-C49A7A2B5364}.Debug|Any CPU.ActiveCfg = Debug|Any CPU
		{AB46EFDC-2FA2-42B0-94D8-C49A7A2B5364}.Debug|Any CPU.Build.0 = Debug|Any CPU
		{AB46EFDC-2FA2-42B0-94D8-C49A7A2B5364}.Release|Any CPU.ActiveCfg = Release|Any CPU
		{AB46EFDC-2FA2-42B0-94D8-C49A7A2B5364}.Release|Any CPU.Build.0 = Release|Any CPU
		{20D786DB-EE4F-4ED1-A5A6-2BFDB8B7087E}.Debug|Any CPU.ActiveCfg = Debug|Any CPU
		{20D786DB-EE4F-4ED1-A5A6-2BFDB8B7087E}.Debug|Any CPU.Build.0 = Debug|Any CPU
		{20D786DB-EE4F-4ED1-A5A6-2BFDB8B7087E}.Release|Any CPU.ActiveCfg = Release|Any CPU
		{20D786DB-EE4F-4ED1-A5A6-2BFDB8B7087E}.Release|Any CPU.Build.0 = Release|Any CPU
	EndGlobalSection
	GlobalSection(SolutionProperties) = preSolution
		HideSolutionNode = FALSE
	EndGlobalSection
	GlobalSection(ExtensibilityGlobals) = postSolution
		SolutionGuid = {5B727334-889A-4EE3-9086-4ED75474A9B9}
	EndGlobalSection
EndGlobal
