
Microsoft Visual Studio Solution File, Format Version 12.00
# Visual Studio 15
VisualStudioVersion = 15.0.28307.438
MinimumVisualStudioVersion = 10.0.40219.1
Project("{FAE04EC0-301F-11D3-BF4B-00C04F79EFBC}") = "TagHelperSample", "TagHelperSample\TagHelperSample.csproj", "{481E0B53-6250-46C0-974C-AC0A57A7E950}"
EndProject
Global
	GlobalSection(SolutionConfigurationPlatforms) = preSolution
		Debug|Any CPU = Debug|Any CPU
		Release|Any CPU = Release|Any CPU
	EndGlobalSection
	GlobalSection(ProjectConfigurationPlatforms) = postSolution
		{481E0B53-6250-46C0-974C-AC0A57A7E950}.Debug|Any CPU.ActiveCfg = Debug|Any CPU
		{481E0B53-6250-46C0-974C-AC0A57A7E950}.Debug|Any CPU.Build.0 = Debug|Any CPU
		{481E0B53-6250-46C0-974C-AC0A57A7E950}.Release|Any CPU.ActiveCfg = Release|Any CPU
		{481E0B53-6250-46C0-974C-AC0A57A7E950}.Release|Any CPU.Build.0 = Release|Any CPU
	EndGlobalSection
	GlobalSection(SolutionProperties) = preSolution
		HideSolutionNode = FALSE
	EndGlobalSection
	GlobalSection(ExtensibilityGlobals) = postSolution
		SolutionGuid = {6FD761CF-DACC-4462-B107-90EC0C7ECFDF}
	EndGlobalSection
EndGlobal
